PODS:
  - Alamofire (4.9.1)
  - SKActivityIndicatorView (0.1.0)
  - SwiftyJSON (4.3.0)

DEPENDENCIES:
  - Alamofire
  - SKActivityIndicatorView
  - SwiftyJSON (~> 4.0)

SPEC REPOS:
  trunk:
    - Alamofire
    - SKActivityIndicatorView
    - SwiftyJSON

SPEC CHECKSUMS:
  Alamofire: 85e8a02c69d6020a0d734f6054870d7ecb75cf18
  SKActivityIndicatorView: f46936f760d33eb8235333242269bf01cc9248ae
  SwiftyJSON: 6faa0040f8b59dead0ee07436cbf76b73c08fd08

PODFILE CHECKSUM: 30983c4eabf021030baf4dda16ccb9847b52db1a

COCOAPODS: 1.8.1
